
Microsoft Visual Studio Solution File, Format Version 12.00
# Visual Studio 15
Project("{FAE04EC0-301F-11D3-BF4B-00C04F79EFBC}") = "UnityEngine.UI", "UnityEngine.UI.csproj", "{EF3F8967-1CCB-523D-26D9-0E94FE0EB16E}"
EndProject
Project("{FAE04EC0-301F-11D3-BF4B-00C04F79EFBC}") = "Assembly-CSharp", "Assembly-CSharp.csproj", "{1CD91419-DCC3-60EA-FB5D-95BC6359274B}"
EndProject
Project("{FAE04EC0-301F-11D3-BF4B-00C04F79EFBC}") = "UnityEditor.UI", "UnityEditor.UI.csproj", "{E36165F6-089D-70AE-770F-649640FB09FE}"
EndProject
Project("{FAE04EC0-301F-11D3-BF4B-00C04F79EFBC}") = "Unity.2D.Sprite.Editor", "Unity.2D.Sprite.Editor.csproj", "{50AC73A1-9048-DFB4-818A-98A292FE8A41}"
EndProject
Project("{FAE04EC0-301F-11D3-BF4B-00C04F79EFBC}") = "Unity.2D.Tilemap.Editor", "Unity.2D.Tilemap.Editor.csproj", "{FD128B76-41EF-1167-053F-4ACB6E178D61}"
EndProject
Global
	GlobalSection(SolutionConfigurationPlatforms) = preSolution
		Debug|Any CPU = Debug|Any CPU
		Release|Any CPU = Release|Any CPU
	EndGlobalSection
	GlobalSection(ProjectConfigurationPlatforms) = postSolution
		{EF3F8967-1CCB-523D-26D9-0E94FE0EB16E}.Debug|Any CPU.ActiveCfg = Debug|Any CPU
		{EF3F8967-1CCB-523D-26D9-0E94FE0EB16E}.Debug|Any CPU.Build.0 = Debug|Any CPU
		{EF3F8967-1CCB-523D-26D9-0E94FE0EB16E}.Release|Any CPU.ActiveCfg = Release|Any CPU
		{EF3F8967-1CCB-523D-26D9-0E94FE0EB16E}.Release|Any CPU.Build.0 = Release|Any CPU
		{1CD91419-DCC3-60EA-FB5D-95BC6359274B}.Debug|Any CPU.ActiveCfg = Debug|Any CPU
		{1CD91419-DCC3-60EA-FB5D-95BC6359274B}.Debug|Any CPU.Build.0 = Debug|Any CPU
		{1CD91419-DCC3-60EA-FB5D-95BC6359274B}.Release|Any CPU.ActiveCfg = Release|Any CPU
		{1CD91419-DCC3-60EA-FB5D-95BC6359274B}.Release|Any CPU.Build.0 = Release|Any CPU
		{E36165F6-089D-70AE-770F-649640FB09FE}.Debug|Any CPU.ActiveCfg = Debug|Any CPU
		{E36165F6-089D-70AE-770F-649640FB09FE}.Debug|Any CPU.Build.0 = Debug|Any CPU
		{E36165F6-089D-70AE-770F-649640FB09FE}.Release|Any CPU.ActiveCfg = Release|Any CPU
		{E36165F6-089D-70AE-770F-649640FB09FE}.Release|Any CPU.Build.0 = Release|Any CPU
		{50AC73A1-9048-DFB4-818A-98A292FE8A41}.Debug|Any CPU.ActiveCfg = Debug|Any CPU
		{50AC73A1-9048-DFB4-818A-98A292FE8A41}.Debug|Any CPU.Build.0 = Debug|Any CPU
		{50AC73A1-9048-DFB4-818A-98A292FE8A41}.Release|Any CPU.ActiveCfg = Release|Any CPU
		{50AC73A1-9048-DFB4-818A-98A292FE8A41}.Release|Any CPU.Build.0 = Release|Any CPU
		{FD128B76-41EF-1167-053F-4ACB6E178D61}.Debug|Any CPU.ActiveCfg = Debug|Any CPU
		{FD128B76-41EF-1167-053F-4ACB6E178D61}.Debug|Any CPU.Build.0 = Debug|Any CPU
		{FD128B76-41EF-1167-053F-4ACB6E178D61}.Release|Any CPU.ActiveCfg = Release|Any CPU
		{FD128B76-41EF-1167-053F-4ACB6E178D61}.Release|Any CPU.Build.0 = Release|Any CPU
	EndGlobalSection
	GlobalSection(SolutionProperties) = preSolution
		HideSolutionNode = FALSE
	EndGlobalSection
EndGlobal
